<?xml version="1.0" encoding="UTF-8" standalone="yes" ?>
<CodeBlocks_project_file>
	<FileVersion major="1" minor="6" />
	<Project>
		<Option title="Model Based Testing" />
		<Option pch_mode="2" />
		<Option compiler="gcc" />
		<Build>
			<Target title="Debug">
				<Option output="bin\Debug\Model Based Testing" prefix_auto="1" extension_auto="1" />
				<Option object_output="obj\Debug\" />
				<Option type="1" />
				<Option compiler="gcc" />
				<Compiler>
					<Add option="-g" />
				</Compiler>
			</Target>
			<Target title="Release">
				<Option output="bin\Release\Model Based Testing" prefix_auto="1" extension_auto="1" />
				<Option object_output="obj\Release\" />
				<Option type="1" />
				<Option compiler="gcc" />
				<Compiler>
					<Add option="-O2" />
				</Compiler>
				<Linker>
					<Add option="-s" />
				</Linker>
			</Target>
		</Build>
		<Compiler>
			<Add option="-Wall" />
			<Add option="-fexceptions" />
		</Compiler>
		<Unit filename="actor.cpp" />
		<Unit filename="actor.h" />
		<Unit filename="actorbuilder.cpp" />
		<Unit filename="actorbuilder.h" />
		<Unit filename="combinedfragment.cpp" />
		<Unit filename="combinedfragment.h" />
		<Unit filename="combinedfragmentbuilder.cpp" />
		<Unit filename="combinedfragmentbuilder.h" />
		<Unit filename="main.cpp" />
		<Unit filename="message.cpp" />
		<Unit filename="message.h" />
		<Unit filename="messagebuilder.cpp" />
		<Unit filename="messagebuilder.h" />
		<Unit filename="node.cpp" />
		<Unit filename="node.h" />
		<Unit filename="sequencediagram.cpp" />
		<Unit filename="sequencediagram.h" />
		<Unit filename="test.xml" />
		<Unit filename="tinystr.cpp" />
		<Unit filename="tinystr.h" />
		<Unit filename="tinyxml.cpp" />
		<Unit filename="tinyxml.h" />
		<Unit filename="tinyxmlerror.cpp" />
		<Unit filename="tinyxmlparser.cpp" />
		<Extensions>
			<code_completion />
			<debugger />
		</Extensions>
	</Project>
</CodeBlocks_project_file>
